{
  "name": "mahi-games",
  "version": "0.0.0",
  "lockfileVersion": 1,
  "requires": true,
  "dependencies": {
    "@types/node": {
      "version": "8.10.50",
      "resolved": "https://registry.npmjs.org/@types/node/-/node-8.10.50.tgz",
      "integrity": "sha512-+ZbcUwJdaBgOZpwXeT0v+gHC/jQbEfzoc9s4d0rN0JIKeQbuTrT+A2n1aQY6LpZjrLXJT7avVUqiCecCJeeZxA==",
      "dev": true
    },
    "system-lite": {
      "version": "1.1.0",
      "resolved": "https://registry.npmjs.org/system-lite/-/system-lite-1.1.0.tgz",
      "integrity": "sha1-u4Esqfc/1R99IOFNhDDdWB8mgog="
    },
    "typescript": {
      "version": "3.5.3",
      "resolved": "https://registry.npmjs.org/typescript/-/typescript-3.5.3.tgz",
      "integrity": "sha512-ACzBtm/PhXBDId6a6sDJfroT2pOWt/oOnk4/dElG5G33ZL776N3Y6/6bKZJBFpd+b05F3Ct9qDjMeJmRWtE2/g==",
      "dev": true
    }
  }
}
